
Microsoft Visual Studio Solution File, Format Version 12.00
# Visual Studio 2012
Project("{FAE04EC0-301F-11D3-BF4B-00C04F79EFBC}") = "AthenaNonService", "AthenaNonService\AthenaNonService.csproj", "{6C87BAC4-B275-477C-84F5-F7F73F0562CA}"
EndProject
Global
	GlobalSection(SolutionConfigurationPlatforms) = preSolution
		Debug|Any CPU = Debug|Any CPU
		Release|Any CPU = Release|Any CPU
	EndGlobalSection
	GlobalSection(ProjectConfigurationPlatforms) = postSolution
		{6C87BAC4-B275-477C-84F5-F7F73F0562CA}.Debug|Any CPU.ActiveCfg = Debug|Any CPU
		{6C87BAC4-B275-477C-84F5-F7F73F0562CA}.Debug|Any CPU.Build.0 = Debug|Any CPU
		{6C87BAC4-B275-477C-84F5-F7F73F0562CA}.Release|Any CPU.ActiveCfg = Release|Any CPU
		{6C87BAC4-B275-477C-84F5-F7F73F0562CA}.Release|Any CPU.Build.0 = Release|Any CPU
	EndGlobalSection
	GlobalSection(SolutionProperties) = preSolution
		HideSolutionNode = FALSE
	EndGlobalSection
EndGlobal
