
Microsoft Visual Studio Solution File, Format Version 12.00
# Visual Studio 2012
Project("{FAE04EC0-301F-11D3-BF4B-00C04F79EFBC}") = "AthenaService", "AthenaService\AthenaService.csproj", "{C9E80D08-96FE-49F5-B884-DD5AF83575EB}"
EndProject
Global
	GlobalSection(SolutionConfigurationPlatforms) = preSolution
		Debug|Any CPU = Debug|Any CPU
		Release|Any CPU = Release|Any CPU
	EndGlobalSection
	GlobalSection(ProjectConfigurationPlatforms) = postSolution
		{C9E80D08-96FE-49F5-B884-DD5AF83575EB}.Debug|Any CPU.ActiveCfg = Debug|Any CPU
		{C9E80D08-96FE-49F5-B884-DD5AF83575EB}.Debug|Any CPU.Build.0 = Debug|Any CPU
		{C9E80D08-96FE-49F5-B884-DD5AF83575EB}.Release|Any CPU.ActiveCfg = Release|Any CPU
		{C9E80D08-96FE-49F5-B884-DD5AF83575EB}.Release|Any CPU.Build.0 = Release|Any CPU
	EndGlobalSection
	GlobalSection(SolutionProperties) = preSolution
		HideSolutionNode = FALSE
	EndGlobalSection
EndGlobal
